// !$*UTF8*$!
{
	archiveVersion = 1;
	classes = {
	};
	objectVersion = 56;
	objects = {

/* Begin PBXBuildFile section */
		053EB2962BB70170002C0FE2 /* app_weatherApp.swift in Sources */ = {isa = PBXBuildFile; fileRef = 053EB2952BB70170002C0FE2 /* app_weatherApp.swift */; };
		053EB2982BB70170002C0FE2 /* ContentView.swift in Sources */ = {isa = PBXBuildFile; fileRef = 053EB2972BB70170002C0FE2 /* ContentView.swift */; };
		053EB29A2BB70172002C0FE2 /* Assets.xcassets in Resources */ = {isa = PBXBuildFile; fileRef = 053EB2992BB70172002C0FE2 /* Assets.xcassets */; };
		053EB29E2BB70172002C0FE2 /* Preview Assets.xcassets in Resources */ = {isa = PBXBuildFile; fileRef = 053EB29D2BB70172002C0FE2 /* Preview Assets.xcassets */; };
		053EB2A82BB70172002C0FE2 /* app_weatherTests.swift in Sources */ = {isa = PBXBuildFile; fileRef = 053EB2A72BB70172002C0FE2 /* app_weatherTests.swift */; };
		053EB2B22BB70172002C0FE2 /* app_weatherUITests.swift in Sources */ = {isa = PBXBuildFile; fileRef = 053EB2B12BB70172002C0FE2 /* app_weatherUITests.swift */; };
		053EB2B42BB70172002C0FE2 /* app_weatherUITestsLaunchTests.swift in Sources */ = {isa = PBXBuildFile; fileRef = 053EB2B32BB70172002C0FE2 /* app_weatherUITestsLaunchTests.swift */; };
		053EB2C12BB71131002C0FE2 /* WeatherButton.swift in Sources */ = {isa = PBXBuildFile; fileRef = 053EB2C02BB71131002C0FE2 /* WeatherButton.swift */; };
/* End PBXBuildFile section */

/* Begin PBXContainerItemProxy section */
		053EB2A42BB70172002C0FE2 /* PBXContainerItemProxy */ = {
			isa = PBXContainerItemProxy;
			containerPortal = 053EB28A2BB70170002C0FE2 /* Project object */;
			proxyType = 1;
			remoteGlobalIDString = 053EB2912BB70170002C0FE2;
			remoteInfo = "app-weather";
		};
		053EB2AE2BB70172002C0FE2 /* PBXContainerItemProxy */ = {
			isa = PBXContainerItemProxy;
			containerPortal = 053EB28A2BB70170002C0FE2 /* Project object */;
			proxyType = 1;
			remoteGlobalIDString = 053EB2912BB70170002C0FE2;
			remoteInfo = "app-weather";
		};
/* End PBXContainerItemProxy section */

/* Begin PBXFileReference section */
		053EB2922BB70170002C0FE2 /* app-weather.app */ = {isa = PBXFileReference; explicitFileType = wrapper.application; includeInIndex = 0; path = "app-weather.app"; sourceTree = BUILT_PRODUCTS_DIR; };
		053EB2952BB70170002C0FE2 /* app_weatherApp.swift */ = {isa = PBXFileReference; lastKnownFileType = sourcecode.swift; path = app_weatherApp.swift; sourceTree = "<group>"; };
		053EB2972BB70170002C0FE2 /* ContentView.swift */ = {isa = PBXFileReference; lastKnownFileType = sourcecode.swift; path = ContentView.swift; sourceTree = "<group>"; };
		053EB2992BB70172002C0FE2 /* Assets.xcassets */ = {isa = PBXFileReference; lastKnownFileType = folder.assetcatalog; path = Assets.xcassets; sourceTree = "<group>"; };
		053EB29B2BB70172002C0FE2 /* app_weather.entitlements */ = {isa = PBXFileReference; lastKnownFileType = text.plist.entitlements; path = app_weather.entitlements; sourceTree = "<group>"; };
		053EB29D2BB70172002C0FE2 /* Preview Assets.xcassets */ = {isa = PBXFileReference; lastKnownFileType = folder.assetcatalog; path = "Preview Assets.xcassets"; sourceTree = "<group>"; };
		053EB2A32BB70172002C0FE2 /* app-weatherTests.xctest */ = {isa = PBXFileReference; explicitFileType = wrapper.cfbundle; includeInIndex = 0; path = "app-weatherTests.xctest"; sourceTree = BUILT_PRODUCTS_DIR; };
		053EB2A72BB70172002C0FE2 /* app_weatherTests.swift */ = {isa = PBXFileReference; lastKnownFileType = sourcecode.swift; path = app_weatherTests.swift; sourceTree = "<group>"; };
		053EB2AD2BB70172002C0FE2 /* app-weatherUITests.xctest */ = {isa = PBXFileReference; explicitFileType = wrapper.cfbundle; includeInIndex = 0; path = "app-weatherUITests.xctest"; sourceTree = BUILT_PRODUCTS_DIR; };
		053EB2B12BB70172002C0FE2 /* app_weatherUITests.swift */ = {isa = PBXFileReference; lastKnownFileType = sourcecode.swift; path = app_weatherUITests.swift; sourceTree = "<group>"; };
		053EB2B32BB70172002C0FE2 /* app_weatherUITestsLaunchTests.swift */ = {isa = PBXFileReference; lastKnownFileType = sourcecode.swift; path = app_weatherUITestsLaunchTests.swift; sourceTree = "<group>"; };
		053EB2C02BB71131002C0FE2 /* WeatherButton.swift */ = {isa = PBXFileReference; lastKnownFileType = sourcecode.swift; path = WeatherButton.swift; sourceTree = "<group>"; };
/* End PBXFileReference section */

/* Begin PBXFrameworksBuildPhase section */
		053EB28F2BB70170002C0FE2 /* Frameworks */ = {
			isa = PBXFrameworksBuildPhase;
			buildActionMask = 2147483647;
			files = (
			);
			runOnlyForDeploymentPostprocessing = 0;
		};
		053EB2A02BB70172002C0FE2 /* Frameworks */ = {
			isa = PBXFrameworksBuildPhase;
			buildActionMask = 2147483647;
			files = (
			);
			runOnlyForDeploymentPostprocessing = 0;
		};
		053EB2AA2BB70172002C0FE2 /* Frameworks */ = {
			isa = PBXFrameworksBuildPhase;
			buildActionMask = 2147483647;
			files = (
			);
			runOnlyForDeploymentPostprocessing = 0;
		};
/* End PBXFrameworksBuildPhase section */

/* Begin PBXGroup section */
		053EB2892BB70170002C0FE2 = {
			isa = PBXGroup;
			children = (
				053EB2942BB70170002C0FE2 /* app-weather */,
				053EB2A62BB70172002C0FE2 /* app-weatherTests */,
				053EB2B02BB70172002C0FE2 /* app-weatherUITests */,
				053EB2932BB70170002C0FE2 /* Products */,
			);
			sourceTree = "<group>";
		};
		053EB2932BB70170002C0FE2 /* Products */ = {
			isa = PBXGroup;
			children = (
				053EB2922BB70170002C0FE2 /* app-weather.app */,
				053EB2A32BB70172002C0FE2 /* app-weatherTests.xctest */,
				053EB2AD2BB70172002C0FE2 /* app-weatherUITests.xctest */,
			);
			name = Products;
			sourceTree = "<group>";
		};
		053EB2942BB70170002C0FE2 /* app-weather */ = {
			isa = PBXGroup;
			children = (
				053EB2952BB70170002C0FE2 /* app_weatherApp.swift */,
				053EB2972BB70170002C0FE2 /* ContentView.swift */,
				053EB2C02BB71131002C0FE2 /* WeatherButton.swift */,
				053EB2992BB70172002C0FE2 /* Assets.xcassets */,
				053EB29B2BB70172002C0FE2 /* app_weather.entitlements */,
				053EB29C2BB70172002C0FE2 /* Preview Content */,
			);
			path = "app-weather";
			sourceTree = "<group>";
		};
		053EB29C2BB70172002C0FE2 /* Preview Content */ = {
			isa = PBXGroup;
			children = (
				053EB29D2BB70172002C0FE2 /* Preview Assets.xcassets */,
			);
			path = "Preview Content";
			sourceTree = "<group>";
		};
		053EB2A62BB70172002C0FE2 /* app-weatherTests */ = {
			isa = PBXGroup;
			children = (
				053EB2A72BB70172002C0FE2 /* app_weatherTests.swift */,
			);
			path = "app-weatherTests";
			sourceTree = "<group>";
		};
		053EB2B02BB70172002C0FE2 /* app-weatherUITests */ = {
			isa = PBXGroup;
			children = (
				053EB2B12BB70172002C0FE2 /* app_weatherUITests.swift */,
				053EB2B32BB70172002C0FE2 /* app_weatherUITestsLaunchTests.swift */,
			);
			path = "app-weatherUITests";
			sourceTree = "<group>";
		};
/* End PBXGroup section */

/* Begin PBXNativeTarget section */
		053EB2912BB70170002C0FE2 /* app-weather */ = {
			isa = PBXNativeTarget;
			buildConfigurationList = 053EB2B72BB70172002C0FE2 /* Build configuration list for PBXNativeTarget "app-weather" */;
			buildPhases = (
				053EB28E2BB70170002C0FE2 /* Sources */,
				053EB28F2BB70170002C0FE2 /* Frameworks */,
				053EB2902BB70170002C0FE2 /* Resources */,
			);
			buildRules = (
			);
			dependencies = (
			);
			name = "app-weather";
			productName = "app-weather";
			productReference = 053EB2922BB70170002C0FE2 /* app-weather.app */;
			productType = "com.apple.product-type.application";
		};
		053EB2A22BB70172002C0FE2 /* app-weatherTests */ = {
			isa = PBXNativeTarget;
			buildConfigurationList = 053EB2BA2BB70172002C0FE2 /* Build configuration list for PBXNativeTarget "app-weatherTests" */;
			buildPhases = (
				053EB29F2BB70172002C0FE2 /* Sources */,
				053EB2A02BB70172002C0FE2 /* Frameworks */,
				053EB2A12BB70172002C0FE2 /* Resources */,
			);
			buildRules = (
			);
			dependencies = (
				053EB2A52BB70172002C0FE2 /* PBXTargetDependency */,
			);
			name = "app-weatherTests";
			productName = "app-weatherTests";
			productReference = 053EB2A32BB70172002C0FE2 /* app-weatherTests.xctest */;
			productType = "com.apple.product-type.bundle.unit-test";
		};
		053EB2AC2BB70172002C0FE2 /* app-weatherUITests */ = {
			isa = PBXNativeTarget;
			buildConfigurationList = 053EB2BD2BB70172002C0FE2 /* Build configuration list for PBXNativeTarget "app-weatherUITests" */;
			buildPhases = (
				053EB2A92BB70172002C0FE2 /* Sources */,
				053EB2AA2BB70172002C0FE2 /* Frameworks */,
				053EB2AB2BB70172002C0FE2 /* Resources */,
			);
			buildRules = (
			);
			dependencies = (
				053EB2AF2BB70172002C0FE2 /* PBXTargetDependency */,
			);
			name = "app-weatherUITests";
			productName = "app-weatherUITests";
			productReference = 053EB2AD2BB70172002C0FE2 /* app-weatherUITests.xctest */;
			productType = "com.apple.product-type.bundle.ui-testing";
		};
/* End PBXNativeTarget section */

/* Begin PBXProject section */
		053EB28A2BB70170002C0FE2 /* Project object */ = {
			isa = PBXProject;
			attributes = {
				BuildIndependentTargetsInParallel = 1;
				LastSwiftUpdateCheck = 1430;
				LastUpgradeCheck = 1430;
				TargetAttributes = {
					053EB2912BB70170002C0FE2 = {
						CreatedOnToolsVersion = 14.3.1;
					};
					053EB2A22BB70172002C0FE2 = {
						CreatedOnToolsVersion = 14.3.1;
						TestTargetID = 053EB2912BB70170002C0FE2;
					};
					053EB2AC2BB70172002C0FE2 = {
						CreatedOnToolsVersion = 14.3.1;
						TestTargetID = 053EB2912BB70170002C0FE2;
					};
				};
			};
			buildConfigurationList = 053EB28D2BB70170002C0FE2 /* Build configuration list for PBXProject "app-weather" */;
			compatibilityVersion = "Xcode 14.0";
			developmentRegion = en;
			hasScannedForEncodings = 0;
			knownRegions = (
				en,
				Base,
			);
			mainGroup = 053EB2892BB70170002C0FE2;
			productRefGroup = 053EB2932BB70170002C0FE2 /* Products */;
			projectDirPath = "";
			projectRoot = "";
			targets = (
				053EB2912BB70170002C0FE2 /* app-weather */,
				053EB2A22BB70172002C0FE2 /* app-weatherTests */,
				053EB2AC2BB70172002C0FE2 /* app-weatherUITests */,
			);
		};
/* End PBXProject section */

/* Begin PBXResourcesBuildPhase section */
		053EB2902BB70170002C0FE2 /* Resources */ = {
			isa = PBXResourcesBuildPhase;
			buildActionMask = 2147483647;
			files = (
				053EB29E2BB70172002C0FE2 /* Preview Assets.xcassets in Resources */,
				053EB29A2BB70172002C0FE2 /* Assets.xcassets in Resources */,
			);
			runOnlyForDeploymentPostprocessing = 0;
		};
		053EB2A12BB70172002C0FE2 /* Resources */ = {
			isa = PBXResourcesBuildPhase;
			buildActionMask = 2147483647;
			files = (
			);
			runOnlyForDeploymentPostprocessing = 0;
		};
		053EB2AB2BB70172002C0FE2 /* Resources */ = {
			isa = PBXResourcesBuildPhase;
			buildActionMask = 2147483647;
			files = (
			);
			runOnlyForDeploymentPostprocessing = 0;
		};
/* End PBXResourcesBuildPhase section */

/* Begin PBXSourcesBuildPhase section */
		053EB28E2BB70170002C0FE2 /* Sources */ = {
			isa = PBXSourcesBuildPhase;
			buildActionMask = 2147483647;
			files = (
				053EB2982BB70170002C0FE2 /* ContentView.swift in Sources */,
				053EB2962BB70170002C0FE2 /* app_weatherApp.swift in Sources */,
				053EB2C12BB71131002C0FE2 /* WeatherButton.swift in Sources */,
			);
			runOnlyForDeploymentPostprocessing = 0;
		};
		053EB29F2BB70172002C0FE2 /* Sources */ = {
			isa = PBXSourcesBuildPhase;
			buildActionMask = 2147483647;
			files = (
				053EB2A82BB70172002C0FE2 /* app_weatherTests.swift in Sources */,
			);
			runOnlyForDeploymentPostprocessing = 0;
		};
		053EB2A92BB70172002C0FE2 /* Sources */ = {
			isa = PBXSourcesBuildPhase;
			buildActionMask = 2147483647;
			files = (
				053EB2B22BB70172002C0FE2 /* app_weatherUITests.swift in Sources */,
				053EB2B42BB70172002C0FE2 /* app_weatherUITestsLaunchTests.swift in Sources */,
			);
			runOnlyForDeploymentPostprocessing = 0;
		};
/* End PBXSourcesBuildPhase section */

/* Begin PBXTargetDependency section */
		053EB2A52BB70172002C0FE2 /* PBXTargetDependency */ = {
			isa = PBXTargetDependency;
			target = 053EB2912BB70170002C0FE2 /* app-weather */;
			targetProxy = 053EB2A42BB70172002C0FE2 /* PBXContainerItemProxy */;
		};
		053EB2AF2BB70172002C0FE2 /* PBXTargetDependency */ = {
			isa = PBXTargetDependency;
			target = 053EB2912BB70170002C0FE2 /* app-weather */;
			targetProxy = 053EB2AE2BB70172002C0FE2 /* PBXContainerItemProxy */;
		};
/* End PBXTargetDependency section */

/* Begin XCBuildConfiguration section */
		053EB2B52BB70172002C0FE2 /* Debug */ = {
			isa = XCBuildConfiguration;
			buildSettings = {
				ALWAYS_SEARCH_USER_PATHS = NO;
				CLANG_ANALYZER_NONNULL = YES;
				CLANG_ANALYZER_NUMBER_OBJECT_CONVERSION = YES_AGGRESSIVE;
				CLANG_CXX_LANGUAGE_STANDARD = "gnu++20";
				CLANG_ENABLE_MODULES = YES;
				CLANG_ENABLE_OBJC_ARC = YES;
				CLANG_ENABLE_OBJC_WEAK = YES;
				CLANG_WARN_BLOCK_CAPTURE_AUTORELEASING = YES;
				CLANG_WARN_BOOL_CONVERSION = YES;
				CLANG_WARN_COMMA = YES;
				CLANG_WARN_CONSTANT_CONVERSION = YES;
				CLANG_WARN_DEPRECATED_OBJC_IMPLEMENTATIONS = YES;
				CLANG_WARN_DIRECT_OBJC_ISA_USAGE = YES_ERROR;
				CLANG_WARN_DOCUMENTATION_COMMENTS = YES;
				CLANG_WARN_EMPTY_BODY = YES;
				CLANG_WARN_ENUM_CONVERSION = YES;
				CLANG_WARN_INFINITE_RECURSION = YES;
				CLANG_WARN_INT_CONVERSION = YES;
				CLANG_WARN_NON_LITERAL_NULL_CONVERSION = YES;
				CLANG_WARN_OBJC_IMPLICIT_RETAIN_SELF = YES;
				CLANG_WARN_OBJC_LITERAL_CONVERSION = YES;
				CLANG_WARN_OBJC_ROOT_CLASS = YES_ERROR;
				CLANG_WARN_QUOTED_INCLUDE_IN_FRAMEWORK_HEADER = YES;
				CLANG_WARN_RANGE_LOOP_ANALYSIS = YES;
				CLANG_WARN_STRICT_PROTOTYPES = YES;
				CLANG_WARN_SUSPICIOUS_MOVE = YES;
				CLANG_WARN_UNGUARDED_AVAILABILITY = YES_AGGRESSIVE;
				CLANG_WARN_UNREACHABLE_CODE = YES;
				CLANG_WARN__DUPLICATE_METHOD_MATCH = YES;
				COPY_PHASE_STRIP = NO;
				DEBUG_INFORMATION_FORMAT = dwarf;
				ENABLE_STRICT_OBJC_MSGSEND = YES;
				ENABLE_TESTABILITY = YES;
				GCC_C_LANGUAGE_STANDARD = gnu11;
				GCC_DYNAMIC_NO_PIC = NO;
				GCC_NO_COMMON_BLOCKS = YES;
				GCC_OPTIMIZATION_LEVEL = 0;
				GCC_PREPROCESSOR_DEFINITIONS = (
					"DEBUG=1",
					"$(inherited)",
				);
				GCC_WARN_64_TO_32_BIT_CONVERSION = YES;
				GCC_WARN_ABOUT_RETURN_TYPE = YES_ERROR;
				GCC_WARN_UNDECLARED_SELECTOR = YES;
				GCC_WARN_UNINITIALIZED_AUTOS = YES_AGGRESSIVE;
				GCC_WARN_UNUSED_FUNCTION = YES;
				GCC_WARN_UNUSED_VARIABLE = YES;
				MTL_ENABLE_DEBUG_INFO = INCLUDE_SOURCE;
				MTL_FAST_MATH = YES;
				ONLY_ACTIVE_ARCH = YES;
				SWIFT_ACTIVE_COMPILATION_CONDITIONS = DEBUG;
				SWIFT_OPTIMIZATION_LEVEL = "-Onone";
			};
			name = Debug;
		};
		053EB2B62BB70172002C0FE2 /* Release */ = {
			isa = XCBuildConfiguration;
			buildSettings = {
				ALWAYS_SEARCH_USER_PATHS = NO;
				CLANG_ANALYZER_NONNULL = YES;
				CLANG_ANALYZER_NUMBER_OBJECT_CONVERSION = YES_AGGRESSIVE;
				CLANG_CXX_LANGUAGE_STANDARD = "gnu++20";
				CLANG_ENABLE_MODULES = YES;
				CLANG_ENABLE_OBJC_ARC = YES;
				CLANG_ENABLE_OBJC_WEAK = YES;
				CLANG_WARN_BLOCK_CAPTURE_AUTORELEASING = YES;
				CLANG_WARN_BOOL_CONVERSION = YES;
				CLANG_WARN_COMMA = YES;
				CLANG_WARN_CONSTANT_CONVERSION = YES;
				CLANG_WARN_DEPRECATED_OBJC_IMPLEMENTATIONS = YES;
				CLANG_WARN_DIRECT_OBJC_ISA_USAGE = YES_ERROR;
				CLANG_WARN_DOCUMENTATION_COMMENTS = YES;
				CLANG_WARN_EMPTY_BODY = YES;
				CLANG_WARN_ENUM_CONVERSION = YES;
				CLANG_WARN_INFINITE_RECURSION = YES;
				CLANG_WARN_INT_CONVERSION = YES;
				CLANG_WARN_NON_LITERAL_NULL_CONVERSION = YES;
				CLANG_WARN_OBJC_IMPLICIT_RETAIN_SELF = YES;
				CLANG_WARN_OBJC_LITERAL_CONVERSION = YES;
				CLANG_WARN_OBJC_ROOT_CLASS = YES_ERROR;
				CLANG_WARN_QUOTED_INCLUDE_IN_FRAMEWORK_HEADER = YES;
				CLANG_WARN_RANGE_LOOP_ANALYSIS = YES;
				CLANG_WARN_STRICT_PROTOTYPES = YES;
				CLANG_WARN_SUSPICIOUS_MOVE = YES;
				CLANG_WARN_UNGUARDED_AVAILABILITY = YES_AGGRESSIVE;
				CLANG_WARN_UNREACHABLE_CODE = YES;
				CLANG_WARN__DUPLICATE_METHOD_MATCH = YES;
				COPY_PHASE_STRIP = NO;
				DEBUG_INFORMATION_FORMAT = "dwarf-with-dsym";
				ENABLE_NS_ASSERTIONS = NO;
				ENABLE_STRICT_OBJC_MSGSEND = YES;
				GCC_C_LANGUAGE_STANDARD = gnu11;
				GCC_NO_COMMON_BLOCKS = YES;
				GCC_WARN_64_TO_32_BIT_CONVERSION = YES;
				GCC_WARN_ABOUT_RETURN_TYPE = YES_ERROR;
				GCC_WARN_UNDECLARED_SELECTOR = YES;
				GCC_WARN_UNINITIALIZED_AUTOS = YES_AGGRESSIVE;
				GCC_WARN_UNUSED_FUNCTION = YES;
				GCC_WARN_UNUSED_VARIABLE = YES;
				MTL_ENABLE_DEBUG_INFO = NO;
				MTL_FAST_MATH = YES;
				SWIFT_COMPILATION_MODE = wholemodule;
				SWIFT_OPTIMIZATION_LEVEL = "-O";
			};
			name = Release;
		};
		053EB2B82BB70172002C0FE2 /* Debug */ = {
			isa = XCBuildConfiguration;
			buildSettings = {
				ASSETCATALOG_COMPILER_APPICON_NAME = AppIcon;
				ASSETCATALOG_COMPILER_GLOBAL_ACCENT_COLOR_NAME = AccentColor;
				CODE_SIGN_ENTITLEMENTS = "app-weather/app_weather.entitlements";
				CODE_SIGN_STYLE = Automatic;
				CURRENT_PROJECT_VERSION = 1;
				DEVELOPMENT_ASSET_PATHS = "\"app-weather/Preview Content\"";
				DEVELOPMENT_TEAM = 9LVZ4CKM52;
				ENABLE_HARDENED_RUNTIME = YES;
				ENABLE_PREVIEWS = YES;
				GENERATE_INFOPLIST_FILE = YES;
				"INFOPLIST_KEY_UIApplicationSceneManifest_Generation[sdk=iphoneos*]" = YES;
				"INFOPLIST_KEY_UIApplicationSceneManifest_Generation[sdk=iphonesimulator*]" = YES;
				"INFOPLIST_KEY_UIApplicationSupportsIndirectInputEvents[sdk=iphoneos*]" = YES;
				"INFOPLIST_KEY_UIApplicationSupportsIndirectInputEvents[sdk=iphonesimulator*]" = YES;
				"INFOPLIST_KEY_UILaunchScreen_Generation[sdk=iphoneos*]" = YES;
				"INFOPLIST_KEY_UILaunchScreen_Generation[sdk=iphonesimulator*]" = YES;
				"INFOPLIST_KEY_UIStatusBarStyle[sdk=iphoneos*]" = UIStatusBarStyleDefault;
				"INFOPLIST_KEY_UIStatusBarStyle[sdk=iphonesimulator*]" = UIStatusBarStyleDefault;
				INFOPLIST_KEY_UISupportedInterfaceOrientations_iPad = "UIInterfaceOrientationPortrait UIInterfaceOrientationPortraitUpsideDown UIInterfaceOrientationLandscapeLeft UIInterfaceOrientationLandscapeRight";
				INFOPLIST_KEY_UISupportedInterfaceOrientations_iPhone = "UIInterfaceOrientationPortrait UIInterfaceOrientationLandscapeLeft UIInterfaceOrientationLandscapeRight";
				IPHONEOS_DEPLOYMENT_TARGET = 16.4;
				LD_RUNPATH_SEARCH_PATHS = "@executable_path/Frameworks";
				"LD_RUNPATH_SEARCH_PATHS[sdk=macosx*]" = "@executable_path/../Frameworks";
				MACOSX_DEPLOYMENT_TARGET = 13.0;
				MARKETING_VERSION = 1.0;
				PRODUCT_BUNDLE_IDENTIFIER = "-LVZ4CKM52.app-weather";
				PRODUCT_NAME = "$(TARGET_NAME)";
				SDKROOT = auto;
				SUPPORTED_PLATFORMS = "iphoneos iphonesimulator macosx";
				SWIFT_EMIT_LOC_STRINGS = YES;
				SWIFT_VERSION = 5.0;
				TARGETED_DEVICE_FAMILY = "1,2";
			};
			name = Debug;
		};
		053EB2B92BB70172002C0FE2 /* Release */ = {
			isa = XCBuildConfiguration;
			buildSettings = {
				ASSETCATALOG_COMPILER_APPICON_NAME = AppIcon;
				ASSETCATALOG_COMPILER_GLOBAL_ACCENT_COLOR_NAME = AccentColor;
				CODE_SIGN_ENTITLEMENTS = "app-weather/app_weather.entitlements";
				CODE_SIGN_STYLE = Automatic;
				CURRENT_PROJECT_VERSION = 1;
				DEVELOPMENT_ASSET_PATHS = "\"app-weather/Preview Content\"";
				DEVELOPMENT_TEAM = 9LVZ4CKM52;
				ENABLE_HARDENED_RUNTIME = YES;
				ENABLE_PREVIEWS = YES;
				GENERATE_INFOPLIST_FILE = YES;
				"INFOPLIST_KEY_UIApplicationSceneManifest_Generation[sdk=iphoneos*]" = YES;
				"INFOPLIST_KEY_UIApplicationSceneManifest_Generation[sdk=iphonesimulator*]" = YES;
				"INFOPLIST_KEY_UIApplicationSupportsIndirectInputEvents[sdk=iphoneos*]" = YES;
				"INFOPLIST_KEY_UIApplicationSupportsIndirectInputEvents[sdk=iphonesimulator*]" = YES;
				"INFOPLIST_KEY_UILaunchScreen_Generation[sdk=iphoneos*]" = YES;
				"INFOPLIST_KEY_UILaunchScreen_Generation[sdk=iphonesimulator*]" = YES;
				"INFOPLIST_KEY_UIStatusBarStyle[sdk=iphoneos*]" = UIStatusBarStyleDefault;
				"INFOPLIST_KEY_UIStatusBarStyle[sdk=iphonesimulator*]" = UIStatusBarStyleDefault;
				INFOPLIST_KEY_UISupportedInterfaceOrientations_iPad = "UIInterfaceOrientationPortrait UIInterfaceOrientationPortraitUpsideDown UIInterfaceOrientationLandscapeLeft UIInterfaceOrientationLandscapeRight";
				INFOPLIST_KEY_UISupportedInterfaceOrientations_iPhone = "UIInterfaceOrientationPortrait UIInterfaceOrientationLandscapeLeft UIInterfaceOrientationLandscapeRight";
				IPHONEOS_DEPLOYMENT_TARGET = 16.4;
				LD_RUNPATH_SEARCH_PATHS = "@executable_path/Frameworks";
				"LD_RUNPATH_SEARCH_PATHS[sdk=macosx*]" = "@executable_path/../Frameworks";
				MACOSX_DEPLOYMENT_TARGET = 13.0;
				MARKETING_VERSION = 1.0;
				PRODUCT_BUNDLE_IDENTIFIER = "-LVZ4CKM52.app-weather";
				PRODUCT_NAME = "$(TARGET_NAME)";
				SDKROOT = auto;
				SUPPORTED_PLATFORMS = "iphoneos iphonesimulator macosx";
				SWIFT_EMIT_LOC_STRINGS = YES;
				SWIFT_VERSION = 5.0;
				TARGETED_DEVICE_FAMILY = "1,2";
			};
			name = Release;
		};
		053EB2BB2BB70172002C0FE2 /* Debug */ = {
			isa = XCBuildConfiguration;
			buildSettings = {
				ALWAYS_EMBED_SWIFT_STANDARD_LIBRARIES = YES;
				BUNDLE_LOADER = "$(TEST_HOST)";
				CODE_SIGN_STYLE = Automatic;
				CURRENT_PROJECT_VERSION = 1;
				DEVELOPMENT_TEAM = 9LVZ4CKM52;
				GENERATE_INFOPLIST_FILE = YES;
				IPHONEOS_DEPLOYMENT_TARGET = 16.4;
				MACOSX_DEPLOYMENT_TARGET = 13.0;
				MARKETING_VERSION = 1.0;
				PRODUCT_BUNDLE_IDENTIFIER = "-LVZ4CKM52.app-weatherTests";
				PRODUCT_NAME = "$(TARGET_NAME)";
				SDKROOT = auto;
				SUPPORTED_PLATFORMS = "iphoneos iphonesimulator macosx";
				SWIFT_EMIT_LOC_STRINGS = NO;
				SWIFT_VERSION = 5.0;
				TARGETED_DEVICE_FAMILY = "1,2";
				TEST_HOST = "$(BUILT_PRODUCTS_DIR)/app-weather.app/$(BUNDLE_EXECUTABLE_FOLDER_PATH)/app-weather";
			};
			name = Debug;
		};
		053EB2BC2BB70172002C0FE2 /* Release */ = {
			isa = XCBuildConfiguration;
			buildSettings = {
				ALWAYS_EMBED_SWIFT_STANDARD_LIBRARIES = YES;
				BUNDLE_LOADER = "$(TEST_HOST)";
				CODE_SIGN_STYLE = Automatic;
				CURRENT_PROJECT_VERSION = 1;
				DEVELOPMENT_TEAM = 9LVZ4CKM52;
				GENERATE_INFOPLIST_FILE = YES;
				IPHONEOS_DEPLOYMENT_TARGET = 16.4;
				MACOSX_DEPLOYMENT_TARGET = 13.0;
				MARKETING_VERSION = 1.0;
				PRODUCT_BUNDLE_IDENTIFIER = "-LVZ4CKM52.app-weatherTests";
				PRODUCT_NAME = "$(TARGET_NAME)";
				SDKROOT = auto;
				SUPPORTED_PLATFORMS = "iphoneos iphonesimulator macosx";
				SWIFT_EMIT_LOC_STRINGS = NO;
				SWIFT_VERSION = 5.0;
				TARGETED_DEVICE_FAMILY = "1,2";
				TEST_HOST = "$(BUILT_PRODUCTS_DIR)/app-weather.app/$(BUNDLE_EXECUTABLE_FOLDER_PATH)/app-weather";
			};
			name = Release;
		};
		053EB2BE2BB70172002C0FE2 /* Debug */ = {
			isa = XCBuildConfiguration;
			buildSettings = {
				ALWAYS_EMBED_SWIFT_STANDARD_LIBRARIES = YES;
				CODE_SIGN_STYLE = Automatic;
				CURRENT_PROJECT_VERSION = 1;
				DEVELOPMENT_TEAM = 9LVZ4CKM52;
				GENERATE_INFOPLIST_FILE = YES;
				IPHONEOS_DEPLOYMENT_TARGET = 16.4;
				MACOSX_DEPLOYMENT_TARGET = 13.0;
				MARKETING_VERSION = 1.0;
				PRODUCT_BUNDLE_IDENTIFIER = "-LVZ4CKM52.app-weatherUITests";
				PRODUCT_NAME = "$(TARGET_NAME)";
				SDKROOT = auto;
				SUPPORTED_PLATFORMS = "iphoneos iphonesimulator macosx";
				SWIFT_EMIT_LOC_STRINGS = NO;
				SWIFT_VERSION = 5.0;
				TARGETED_DEVICE_FAMILY = "1,2";
				TEST_TARGET_NAME = "app-weather";
			};
			name = Debug;
		};
		053EB2BF2BB70172002C0FE2 /* Release */ = {
			isa = XCBuildConfiguration;
			buildSettings = {
				ALWAYS_EMBED_SWIFT_STANDARD_LIBRARIES = YES;
				CODE_SIGN_STYLE = Automatic;
				CURRENT_PROJECT_VERSION = 1;
				DEVELOPMENT_TEAM = 9LVZ4CKM52;
				GENERATE_INFOPLIST_FILE = YES;
				IPHONEOS_DEPLOYMENT_TARGET = 16.4;
				MACOSX_DEPLOYMENT_TARGET = 13.0;
				MARKETING_VERSION = 1.0;
				PRODUCT_BUNDLE_IDENTIFIER = "-LVZ4CKM52.app-weatherUITests";
				PRODUCT_NAME = "$(TARGET_NAME)";
				SDKROOT = auto;
				SUPPORTED_PLATFORMS = "iphoneos iphonesimulator macosx";
				SWIFT_EMIT_LOC_STRINGS = NO;
				SWIFT_VERSION = 5.0;
				TARGETED_DEVICE_FAMILY = "1,2";
				TEST_TARGET_NAME = "app-weather";
			};
			name = Release;
		};
/* End XCBuildConfiguration section */

/* Begin XCConfigurationList section */
		053EB28D2BB70170002C0FE2 /* Build configuration list for PBXProject "app-weather" */ = {
			isa = XCConfigurationList;
			buildConfigurations = (
				053EB2B52BB70172002C0FE2 /* Debug */,
				053EB2B62BB70172002C0FE2 /* Release */,
			);
			defaultConfigurationIsVisible = 0;
			defaultConfigurationName = Release;
		};
		053EB2B72BB70172002C0FE2 /* Build configuration list for PBXNativeTarget "app-weather" */ = {
			isa = XCConfigurationList;
			buildConfigurations = (
				053EB2B82BB70172002C0FE2 /* Debug */,
				053EB2B92BB70172002C0FE2 /* Release */,
			);
			defaultConfigurationIsVisible = 0;
			defaultConfigurationName = Release;
		};
		053EB2BA2BB70172002C0FE2 /* Build configuration list for PBXNativeTarget "app-weatherTests" */ = {
			isa = XCConfigurationList;
			buildConfigurations = (
				053EB2BB2BB70172002C0FE2 /* Debug */,
				053EB2BC2BB70172002C0FE2 /* Release */,
			);
			defaultConfigurationIsVisible = 0;
			defaultConfigurationName = Release;
		};
		053EB2BD2BB70172002C0FE2 /* Build configuration list for PBXNativeTarget "app-weatherUITests" */ = {
			isa = XCConfigurationList;
			buildConfigurations = (
				053EB2BE2BB70172002C0FE2 /* Debug */,
				053EB2BF2BB70172002C0FE2 /* Release */,
			);
			defaultConfigurationIsVisible = 0;
			defaultConfigurationName = Release;
		};
/* End XCConfigurationList section */
	};
	rootObject = 053EB28A2BB70170002C0FE2 /* Project object */;
}
